// !$*UTF8*$!
{
	archiveVersion = 1;
	classes = {
	};
	objectVersion = 50;
	objects = {

/* Begin PBXBuildFile section */
		3007A9422431F90400E736E2 /* OTPView.framework in Frameworks */ = {isa = PBXBuildFile; fileRef = 3007A9382431F90400E736E2 /* OTPView.framework */; };
		3007A9472431F90400E736E2 /* OTPViewTests.swift in Sources */ = {isa = PBXBuildFile; fileRef = 3007A9462431F90400E736E2 /* OTPViewTests.swift */; };
		3007A9492431F90400E736E2 /* OTPView.h in Headers */ = {isa = PBXBuildFile; fileRef = 3007A93B2431F90400E736E2 /* OTPView.h */; settings = {ATTRIBUTES = (Public, ); }; };
		3007A95924320C2C00E736E2 /* AppDelegate.swift in Sources */ = {isa = PBXBuildFile; fileRef = 3007A95824320C2C00E736E2 /* AppDelegate.swift */; };
		3007A95B24320C2D00E736E2 /* SceneDelegate.swift in Sources */ = {isa = PBXBuildFile; fileRef = 3007A95A24320C2D00E736E2 /* SceneDelegate.swift */; };
		3007A95D24320C2D00E736E2 /* ViewController.swift in Sources */ = {isa = PBXBuildFile; fileRef = 3007A95C24320C2D00E736E2 /* ViewController.swift */; };
		3007A96024320C2D00E736E2 /* Main.storyboard in Resources */ = {isa = PBXBuildFile; fileRef = 3007A95E24320C2D00E736E2 /* Main.storyboard */; };
		3007A96324320C2D00E736E2 /* OTPViewExampleProject.xcdatamodeld in Sources */ = {isa = PBXBuildFile; fileRef = 3007A96124320C2D00E736E2 /* OTPViewExampleProject.xcdatamodeld */; };
		3007A96524320C2F00E736E2 /* Assets.xcassets in Resources */ = {isa = PBXBuildFile; fileRef = 3007A96424320C2F00E736E2 /* Assets.xcassets */; };
		3007A96824320C2F00E736E2 /* LaunchScreen.storyboard in Resources */ = {isa = PBXBuildFile; fileRef = 3007A96624320C2F00E736E2 /* LaunchScreen.storyboard */; };
		3007A97324320C3000E736E2 /* OTPViewExampleProjectTests.swift in Sources */ = {isa = PBXBuildFile; fileRef = 3007A97224320C3000E736E2 /* OTPViewExampleProjectTests.swift */; };
		3007A97E24320F2F00E736E2 /* OTPProtocol.swift in Sources */ = {isa = PBXBuildFile; fileRef = 3007A97D24320F2F00E736E2 /* OTPProtocol.swift */; };
		3007A98124320F6E00E736E2 /* OTPInputField.swift in Sources */ = {isa = PBXBuildFile; fileRef = 3007A98024320F6E00E736E2 /* OTPInputField.swift */; };
		3007A9832432108300E736E2 /* OTPView.swift in Sources */ = {isa = PBXBuildFile; fileRef = 3007A9822432108300E736E2 /* OTPView.swift */; };
		3007A9862432121900E736E2 /* UIView+Extension.swift in Sources */ = {isa = PBXBuildFile; fileRef = 3007A9852432121900E736E2 /* UIView+Extension.swift */; };
		3007A98A24321F8400E736E2 /* Collection+Extension.swift in Sources */ = {isa = PBXBuildFile; fileRef = 3007A98924321F8400E736E2 /* Collection+Extension.swift */; };
		3007A98C24321FD300E736E2 /* String+Extension.swift in Sources */ = {isa = PBXBuildFile; fileRef = 3007A98B24321FD300E736E2 /* String+Extension.swift */; };
		3007A98E2434554400E736E2 /* OTPView.framework in Frameworks */ = {isa = PBXBuildFile; fileRef = 3007A9382431F90400E736E2 /* OTPView.framework */; };
/* End PBXBuildFile section */

/* Begin PBXContainerItemProxy section */
		3007A9432431F90400E736E2 /* PBXContainerItemProxy */ = {
			isa = PBXContainerItemProxy;
			containerPortal = 3007A92F2431F90400E736E2 /* Project object */;
			proxyType = 1;
			remoteGlobalIDString = 3007A9372431F90400E736E2;
			remoteInfo = OTPView;
		};
		3007A96F24320C2F00E736E2 /* PBXContainerItemProxy */ = {
			isa = PBXContainerItemProxy;
			containerPortal = 3007A92F2431F90400E736E2 /* Project object */;
			proxyType = 1;
			remoteGlobalIDString = 3007A95524320C2C00E736E2;
			remoteInfo = OTPViewExampleProject;
		};
/* End PBXContainerItemProxy section */

/* Begin PBXFileReference section */
		3007A9382431F90400E736E2 /* OTPView.framework */ = {isa = PBXFileReference; explicitFileType = wrapper.framework; includeInIndex = 0; path = OTPView.framework; sourceTree = BUILT_PRODUCTS_DIR; };
		3007A93B2431F90400E736E2 /* OTPView.h */ = {isa = PBXFileReference; lastKnownFileType = sourcecode.c.h; path = OTPView.h; sourceTree = "<group>"; };
		3007A93C2431F90400E736E2 /* Info.plist */ = {isa = PBXFileReference; lastKnownFileType = text.plist.xml; path = Info.plist; sourceTree = "<group>"; };
		3007A9412431F90400E736E2 /* OTPViewTests.xctest */ = {isa = PBXFileReference; explicitFileType = wrapper.cfbundle; includeInIndex = 0; path = OTPViewTests.xctest; sourceTree = BUILT_PRODUCTS_DIR; };
		3007A9462431F90400E736E2 /* OTPViewTests.swift */ = {isa = PBXFileReference; lastKnownFileType = sourcecode.swift; path = OTPViewTests.swift; sourceTree = "<group>"; };
		3007A9482431F90400E736E2 /* Info.plist */ = {isa = PBXFileReference; lastKnownFileType = text.plist.xml; path = Info.plist; sourceTree = "<group>"; };
		3007A95624320C2C00E736E2 /* OTPViewExampleProject.app */ = {isa = PBXFileReference; explicitFileType = wrapper.application; includeInIndex = 0; path = OTPViewExampleProject.app; sourceTree = BUILT_PRODUCTS_DIR; };
		3007A95824320C2C00E736E2 /* AppDelegate.swift */ = {isa = PBXFileReference; lastKnownFileType = sourcecode.swift; path = AppDelegate.swift; sourceTree = "<group>"; };
		3007A95A24320C2D00E736E2 /* SceneDelegate.swift */ = {isa = PBXFileReference; lastKnownFileType = sourcecode.swift; path = SceneDelegate.swift; sourceTree = "<group>"; };
		3007A95C24320C2D00E736E2 /* ViewController.swift */ = {isa = PBXFileReference; lastKnownFileType = sourcecode.swift; path = ViewController.swift; sourceTree = "<group>"; };
		3007A95F24320C2D00E736E2 /* Base */ = {isa = PBXFileReference; lastKnownFileType = file.storyboard; name = Base; path = Base.lproj/Main.storyboard; sourceTree = "<group>"; };
		3007A96224320C2D00E736E2 /* OTPViewExampleProject.xcdatamodel */ = {isa = PBXFileReference; lastKnownFileType = wrapper.xcdatamodel; path = OTPViewExampleProject.xcdatamodel; sourceTree = "<group>"; };
		3007A96424320C2F00E736E2 /* Assets.xcassets */ = {isa = PBXFileReference; lastKnownFileType = folder.assetcatalog; path = Assets.xcassets; sourceTree = "<group>"; };
		3007A96724320C2F00E736E2 /* Base */ = {isa = PBXFileReference; lastKnownFileType = file.storyboard; name = Base; path = Base.lproj/LaunchScreen.storyboard; sourceTree = "<group>"; };
		3007A96924320C2F00E736E2 /* Info.plist */ = {isa = PBXFileReference; lastKnownFileType = text.plist.xml; path = Info.plist; sourceTree = "<group>"; };
		3007A96E24320C2F00E736E2 /* OTPViewExampleProjectTests.xctest */ = {isa = PBXFileReference; explicitFileType = wrapper.cfbundle; includeInIndex = 0; path = OTPViewExampleProjectTests.xctest; sourceTree = BUILT_PRODUCTS_DIR; };
		3007A97224320C3000E736E2 /* OTPViewExampleProjectTests.swift */ = {isa = PBXFileReference; lastKnownFileType = sourcecode.swift; path = OTPViewExampleProjectTests.swift; sourceTree = "<group>"; };
		3007A97424320C3000E736E2 /* Info.plist */ = {isa = PBXFileReference; lastKnownFileType = text.plist.xml; path = Info.plist; sourceTree = "<group>"; };
		3007A97D24320F2F00E736E2 /* OTPProtocol.swift */ = {isa = PBXFileReference; lastKnownFileType = sourcecode.swift; path = OTPProtocol.swift; sourceTree = "<group>"; };
		3007A98024320F6E00E736E2 /* OTPInputField.swift */ = {isa = PBXFileReference; lastKnownFileType = sourcecode.swift; path = OTPInputField.swift; sourceTree = "<group>"; };
		3007A9822432108300E736E2 /* OTPView.swift */ = {isa = PBXFileReference; lastKnownFileType = sourcecode.swift; path = OTPView.swift; sourceTree = "<group>"; };
		3007A9852432121900E736E2 /* UIView+Extension.swift */ = {isa = PBXFileReference; lastKnownFileType = sourcecode.swift; path = "UIView+Extension.swift"; sourceTree = "<group>"; };
		3007A98924321F8400E736E2 /* Collection+Extension.swift */ = {isa = PBXFileReference; lastKnownFileType = sourcecode.swift; path = "Collection+Extension.swift"; sourceTree = "<group>"; };
		3007A98B24321FD300E736E2 /* String+Extension.swift */ = {isa = PBXFileReference; lastKnownFileType = sourcecode.swift; path = "String+Extension.swift"; sourceTree = "<group>"; };
/* End PBXFileReference section */

/* Begin PBXFrameworksBuildPhase section */
		3007A9352431F90400E736E2 /* Frameworks */ = {
			isa = PBXFrameworksBuildPhase;
			buildActionMask = 2147483647;
			files = (
			);
			runOnlyForDeploymentPostprocessing = 0;
		};
		3007A93E2431F90400E736E2 /* Frameworks */ = {
			isa = PBXFrameworksBuildPhase;
			buildActionMask = 2147483647;
			files = (
				3007A9422431F90400E736E2 /* OTPView.framework in Frameworks */,
			);
			runOnlyForDeploymentPostprocessing = 0;
		};
		3007A95324320C2C00E736E2 /* Frameworks */ = {
			isa = PBXFrameworksBuildPhase;
			buildActionMask = 2147483647;
			files = (
				3007A98E2434554400E736E2 /* OTPView.framework in Frameworks */,
			);
			runOnlyForDeploymentPostprocessing = 0;
		};
		3007A96B24320C2F00E736E2 /* Frameworks */ = {
			isa = PBXFrameworksBuildPhase;
			buildActionMask = 2147483647;
			files = (
			);
			runOnlyForDeploymentPostprocessing = 0;
		};
/* End PBXFrameworksBuildPhase section */

/* Begin PBXGroup section */
		3007A92E2431F90400E736E2 = {
			isa = PBXGroup;
			children = (
				3007A93A2431F90400E736E2 /* OTPView */,
				3007A9452431F90400E736E2 /* OTPViewTests */,
				3007A95724320C2C00E736E2 /* OTPViewExampleProject */,
				3007A97124320C2F00E736E2 /* OTPViewExampleProjectTests */,
				3007A9392431F90400E736E2 /* Products */,
				3007A98D2434554400E736E2 /* Frameworks */,
			);
			sourceTree = "<group>";
		};
		3007A9392431F90400E736E2 /* Products */ = {
			isa = PBXGroup;
			children = (
				3007A9382431F90400E736E2 /* OTPView.framework */,
				3007A9412431F90400E736E2 /* OTPViewTests.xctest */,
				3007A95624320C2C00E736E2 /* OTPViewExampleProject.app */,
				3007A96E24320C2F00E736E2 /* OTPViewExampleProjectTests.xctest */,
			);
			name = Products;
			sourceTree = "<group>";
		};
		3007A93A2431F90400E736E2 /* OTPView */ = {
			isa = PBXGroup;
			children = (
				3007A9842432120000E736E2 /* Utility */,
				3007A97C24320D8000E736E2 /* Protocol */,
				3007A97B24320D7800E736E2 /* View */,
				3007A93B2431F90400E736E2 /* OTPView.h */,
				3007A93C2431F90400E736E2 /* Info.plist */,
			);
			path = OTPView;
			sourceTree = "<group>";
		};
		3007A9452431F90400E736E2 /* OTPViewTests */ = {
			isa = PBXGroup;
			children = (
				3007A9462431F90400E736E2 /* OTPViewTests.swift */,
				3007A9482431F90400E736E2 /* Info.plist */,
			);
			path = OTPViewTests;
			sourceTree = "<group>";
		};
		3007A95724320C2C00E736E2 /* OTPViewExampleProject */ = {
			isa = PBXGroup;
			children = (
				3007A95824320C2C00E736E2 /* AppDelegate.swift */,
				3007A95A24320C2D00E736E2 /* SceneDelegate.swift */,
				3007A95C24320C2D00E736E2 /* ViewController.swift */,
				3007A95E24320C2D00E736E2 /* Main.storyboard */,
				3007A96424320C2F00E736E2 /* Assets.xcassets */,
				3007A96624320C2F00E736E2 /* LaunchScreen.storyboard */,
				3007A96924320C2F00E736E2 /* Info.plist */,
				3007A96124320C2D00E736E2 /* OTPViewExampleProject.xcdatamodeld */,
			);
			path = OTPViewExampleProject;
			sourceTree = "<group>";
		};
		3007A97124320C2F00E736E2 /* OTPViewExampleProjectTests */ = {
			isa = PBXGroup;
			children = (
				3007A97224320C3000E736E2 /* OTPViewExampleProjectTests.swift */,
				3007A97424320C3000E736E2 /* Info.plist */,
			);
			path = OTPViewExampleProjectTests;
			sourceTree = "<group>";
		};
		3007A97B24320D7800E736E2 /* View */ = {
			isa = PBXGroup;
			children = (
				3007A98024320F6E00E736E2 /* OTPInputField.swift */,
				3007A9822432108300E736E2 /* OTPView.swift */,
			);
			path = View;
			sourceTree = "<group>";
		};
		3007A97C24320D8000E736E2 /* Protocol */ = {
			isa = PBXGroup;
			children = (
				3007A97D24320F2F00E736E2 /* OTPProtocol.swift */,
			);
			path = Protocol;
			sourceTree = "<group>";
		};
		3007A9842432120000E736E2 /* Utility */ = {
			isa = PBXGroup;
			children = (
				3007A9852432121900E736E2 /* UIView+Extension.swift */,
				3007A98924321F8400E736E2 /* Collection+Extension.swift */,
				3007A98B24321FD300E736E2 /* String+Extension.swift */,
			);
			path = Utility;
			sourceTree = "<group>";
		};
		3007A98D2434554400E736E2 /* Frameworks */ = {
			isa = PBXGroup;
			children = (
			);
			name = Frameworks;
			sourceTree = "<group>";
		};
/* End PBXGroup section */

/* Begin PBXHeadersBuildPhase section */
		3007A9332431F90400E736E2 /* Headers */ = {
			isa = PBXHeadersBuildPhase;
			buildActionMask = 2147483647;
			files = (
				3007A9492431F90400E736E2 /* OTPView.h in Headers */,
			);
			runOnlyForDeploymentPostprocessing = 0;
		};
/* End PBXHeadersBuildPhase section */

/* Begin PBXNativeTarget section */
		3007A9372431F90400E736E2 /* OTPView */ = {
			isa = PBXNativeTarget;
			buildConfigurationList = 3007A94C2431F90400E736E2 /* Build configuration list for PBXNativeTarget "OTPView" */;
			buildPhases = (
				3007A9332431F90400E736E2 /* Headers */,
				3007A9342431F90400E736E2 /* Sources */,
				3007A9352431F90400E736E2 /* Frameworks */,
				3007A9362431F90400E736E2 /* Resources */,
			);
			buildRules = (
			);
			dependencies = (
			);
			name = OTPView;
			productName = OTPView;
			productReference = 3007A9382431F90400E736E2 /* OTPView.framework */;
			productType = "com.apple.product-type.framework";
		};
		3007A9402431F90400E736E2 /* OTPViewTests */ = {
			isa = PBXNativeTarget;
			buildConfigurationList = 3007A94F2431F90400E736E2 /* Build configuration list for PBXNativeTarget "OTPViewTests" */;
			buildPhases = (
				3007A93D2431F90400E736E2 /* Sources */,
				3007A93E2431F90400E736E2 /* Frameworks */,
				3007A93F2431F90400E736E2 /* Resources */,
			);
			buildRules = (
			);
			dependencies = (
				3007A9442431F90400E736E2 /* PBXTargetDependency */,
			);
			name = OTPViewTests;
			productName = OTPViewTests;
			productReference = 3007A9412431F90400E736E2 /* OTPViewTests.xctest */;
			productType = "com.apple.product-type.bundle.unit-test";
		};
		3007A95524320C2C00E736E2 /* OTPViewExampleProject */ = {
			isa = PBXNativeTarget;
			buildConfigurationList = 3007A97524320C3000E736E2 /* Build configuration list for PBXNativeTarget "OTPViewExampleProject" */;
			buildPhases = (
				3007A95224320C2C00E736E2 /* Sources */,
				3007A95324320C2C00E736E2 /* Frameworks */,
				3007A95424320C2C00E736E2 /* Resources */,
			);
			buildRules = (
			);
			dependencies = (
			);
			name = OTPViewExampleProject;
			productName = OTPViewExampleProject;
			productReference = 3007A95624320C2C00E736E2 /* OTPViewExampleProject.app */;
			productType = "com.apple.product-type.application";
		};
		3007A96D24320C2F00E736E2 /* OTPViewExampleProjectTests */ = {
			isa = PBXNativeTarget;
			buildConfigurationList = 3007A97824320C3000E736E2 /* Build configuration list for PBXNativeTarget "OTPViewExampleProjectTests" */;
			buildPhases = (
				3007A96A24320C2F00E736E2 /* Sources */,
				3007A96B24320C2F00E736E2 /* Frameworks */,
				3007A96C24320C2F00E736E2 /* Resources */,
			);
			buildRules = (
			);
			dependencies = (
				3007A97024320C2F00E736E2 /* PBXTargetDependency */,
			);
			name = OTPViewExampleProjectTests;
			productName = OTPViewExampleProjectTests;
			productReference = 3007A96E24320C2F00E736E2 /* OTPViewExampleProjectTests.xctest */;
			productType = "com.apple.product-type.bundle.unit-test";
		};
/* End PBXNativeTarget section */

/* Begin PBXProject section */
		3007A92F2431F90400E736E2 /* Project object */ = {
			isa = PBXProject;
			attributes = {
				LastSwiftUpdateCheck = 1130;
				LastUpgradeCheck = 1130;
				ORGANIZATIONNAME = "Stride[247]";
				TargetAttributes = {
					3007A9372431F90400E736E2 = {
						CreatedOnToolsVersion = 11.3.1;
						LastSwiftMigration = 1130;
					};
					3007A9402431F90400E736E2 = {
						CreatedOnToolsVersion = 11.3.1;
					};
					3007A95524320C2C00E736E2 = {
						CreatedOnToolsVersion = 11.3.1;
					};
					3007A96D24320C2F00E736E2 = {
						CreatedOnToolsVersion = 11.3.1;
						TestTargetID = 3007A95524320C2C00E736E2;
					};
				};
			};
			buildConfigurationList = 3007A9322431F90400E736E2 /* Build configuration list for PBXProject "OTPView" */;
			compatibilityVersion = "Xcode 9.3";
			developmentRegion = en;
			hasScannedForEncodings = 0;
			knownRegions = (
				en,
				Base,
			);
			mainGroup = 3007A92E2431F90400E736E2;
			productRefGroup = 3007A9392431F90400E736E2 /* Products */;
			projectDirPath = "";
			projectRoot = "";
			targets = (
				3007A9372431F90400E736E2 /* OTPView */,
				3007A9402431F90400E736E2 /* OTPViewTests */,
				3007A95524320C2C00E736E2 /* OTPViewExampleProject */,
				3007A96D24320C2F00E736E2 /* OTPViewExampleProjectTests */,
			);
		};
/* End PBXProject section */

/* Begin PBXResourcesBuildPhase section */
		3007A9362431F90400E736E2 /* Resources */ = {
			isa = PBXResourcesBuildPhase;
			buildActionMask = 2147483647;
			files = (
			);
			runOnlyForDeploymentPostprocessing = 0;
		};
		3007A93F2431F90400E736E2 /* Resources */ = {
			isa = PBXResourcesBuildPhase;
			buildActionMask = 2147483647;
			files = (
			);
			runOnlyForDeploymentPostprocessing = 0;
		};
		3007A95424320C2C00E736E2 /* Resources */ = {
			isa = PBXResourcesBuildPhase;
			buildActionMask = 2147483647;
			files = (
				3007A96824320C2F00E736E2 /* LaunchScreen.storyboard in Resources */,
				3007A96524320C2F00E736E2 /* Assets.xcassets in Resources */,
				3007A96024320C2D00E736E2 /* Main.storyboard in Resources */,
			);
			runOnlyForDeploymentPostprocessing = 0;
		};
		3007A96C24320C2F00E736E2 /* Resources */ = {
			isa = PBXResourcesBuildPhase;
			buildActionMask = 2147483647;
			files = (
			);
			runOnlyForDeploymentPostprocessing = 0;
		};
/* End PBXResourcesBuildPhase section */

/* Begin PBXSourcesBuildPhase section */
		3007A9342431F90400E736E2 /* Sources */ = {
			isa = PBXSourcesBuildPhase;
			buildActionMask = 2147483647;
			files = (
				3007A97E24320F2F00E736E2 /* OTPProtocol.swift in Sources */,
				3007A98124320F6E00E736E2 /* OTPInputField.swift in Sources */,
				3007A9862432121900E736E2 /* UIView+Extension.swift in Sources */,
				3007A9832432108300E736E2 /* OTPView.swift in Sources */,
				3007A98C24321FD300E736E2 /* String+Extension.swift in Sources */,
				3007A98A24321F8400E736E2 /* Collection+Extension.swift in Sources */,
			);
			runOnlyForDeploymentPostprocessing = 0;
		};
		3007A93D2431F90400E736E2 /* Sources */ = {
			isa = PBXSourcesBuildPhase;
			buildActionMask = 2147483647;
			files = (
				3007A9472431F90400E736E2 /* OTPViewTests.swift in Sources */,
			);
			runOnlyForDeploymentPostprocessing = 0;
		};
		3007A95224320C2C00E736E2 /* Sources */ = {
			isa = PBXSourcesBuildPhase;
			buildActionMask = 2147483647;
			files = (
				3007A95D24320C2D00E736E2 /* ViewController.swift in Sources */,
				3007A95924320C2C00E736E2 /* AppDelegate.swift in Sources */,
				3007A95B24320C2D00E736E2 /* SceneDelegate.swift in Sources */,
				3007A96324320C2D00E736E2 /* OTPViewExampleProject.xcdatamodeld in Sources */,
			);
			runOnlyForDeploymentPostprocessing = 0;
		};
		3007A96A24320C2F00E736E2 /* Sources */ = {
			isa = PBXSourcesBuildPhase;
			buildActionMask = 2147483647;
			files = (
				3007A97324320C3000E736E2 /* OTPViewExampleProjectTests.swift in Sources */,
			);
			runOnlyForDeploymentPostprocessing = 0;
		};
/* End PBXSourcesBuildPhase section */

/* Begin PBXTargetDependency section */
		3007A9442431F90400E736E2 /* PBXTargetDependency */ = {
			isa = PBXTargetDependency;
			target = 3007A9372431F90400E736E2 /* OTPView */;
			targetProxy = 3007A9432431F90400E736E2 /* PBXContainerItemProxy */;
		};
		3007A97024320C2F00E736E2 /* PBXTargetDependency */ = {
			isa = PBXTargetDependency;
			target = 3007A95524320C2C00E736E2 /* OTPViewExampleProject */;
			targetProxy = 3007A96F24320C2F00E736E2 /* PBXContainerItemProxy */;
		};
/* End PBXTargetDependency section */

/* Begin PBXVariantGroup section */
		3007A95E24320C2D00E736E2 /* Main.storyboard */ = {
			isa = PBXVariantGroup;
			children = (
				3007A95F24320C2D00E736E2 /* Base */,
			);
			name = Main.storyboard;
			sourceTree = "<group>";
		};
		3007A96624320C2F00E736E2 /* LaunchScreen.storyboard */ = {
			isa = PBXVariantGroup;
			children = (
				3007A96724320C2F00E736E2 /* Base */,
			);
			name = LaunchScreen.storyboard;
			sourceTree = "<group>";
		};
/* End PBXVariantGroup section */

/* Begin XCBuildConfiguration section */
		3007A94A2431F90400E736E2 /* Debug */ = {
			isa = XCBuildConfiguration;
			buildSettings = {
				ALWAYS_SEARCH_USER_PATHS = NO;
				CLANG_ANALYZER_NONNULL = YES;
				CLANG_ANALYZER_NUMBER_OBJECT_CONVERSION = YES_AGGRESSIVE;
				CLANG_CXX_LANGUAGE_STANDARD = "gnu++14";
				CLANG_CXX_LIBRARY = "libc++";
				CLANG_ENABLE_MODULES = YES;
				CLANG_ENABLE_OBJC_ARC = YES;
				CLANG_ENABLE_OBJC_WEAK = YES;
				CLANG_WARN_BLOCK_CAPTURE_AUTORELEASING = YES;
				CLANG_WARN_BOOL_CONVERSION = YES;
				CLANG_WARN_COMMA = YES;
				CLANG_WARN_CONSTANT_CONVERSION = YES;
				CLANG_WARN_DEPRECATED_OBJC_IMPLEMENTATIONS = YES;
				CLANG_WARN_DIRECT_OBJC_ISA_USAGE = YES_ERROR;
				CLANG_WARN_DOCUMENTATION_COMMENTS = YES;
				CLANG_WARN_EMPTY_BODY = YES;
				CLANG_WARN_ENUM_CONVERSION = YES;
				CLANG_WARN_INFINITE_RECURSION = YES;
				CLANG_WARN_INT_CONVERSION = YES;
				CLANG_WARN_NON_LITERAL_NULL_CONVERSION = YES;
				CLANG_WARN_OBJC_IMPLICIT_RETAIN_SELF = YES;
				CLANG_WARN_OBJC_LITERAL_CONVERSION = YES;
				CLANG_WARN_OBJC_ROOT_CLASS = YES_ERROR;
				CLANG_WARN_RANGE_LOOP_ANALYSIS = YES;
				CLANG_WARN_STRICT_PROTOTYPES = YES;
				CLANG_WARN_SUSPICIOUS_MOVE = YES;
				CLANG_WARN_UNGUARDED_AVAILABILITY = YES_AGGRESSIVE;
				CLANG_WARN_UNREACHABLE_CODE = YES;
				CLANG_WARN__DUPLICATE_METHOD_MATCH = YES;
				COPY_PHASE_STRIP = NO;
				CURRENT_PROJECT_VERSION = 1;
				DEBUG_INFORMATION_FORMAT = dwarf;
				ENABLE_STRICT_OBJC_MSGSEND = YES;
				ENABLE_TESTABILITY = YES;
				GCC_C_LANGUAGE_STANDARD = gnu11;
				GCC_DYNAMIC_NO_PIC = NO;
				GCC_NO_COMMON_BLOCKS = YES;
				GCC_OPTIMIZATION_LEVEL = 0;
				GCC_PREPROCESSOR_DEFINITIONS = (
					"DEBUG=1",
					"$(inherited)",
				);
				GCC_WARN_64_TO_32_BIT_CONVERSION = YES;
				GCC_WARN_ABOUT_RETURN_TYPE = YES_ERROR;
				GCC_WARN_UNDECLARED_SELECTOR = YES;
				GCC_WARN_UNINITIALIZED_AUTOS = YES_AGGRESSIVE;
				GCC_WARN_UNUSED_FUNCTION = YES;
				GCC_WARN_UNUSED_VARIABLE = YES;
				IPHONEOS_DEPLOYMENT_TARGET = 13.2;
				MTL_ENABLE_DEBUG_INFO = INCLUDE_SOURCE;
				MTL_FAST_MATH = YES;
				ONLY_ACTIVE_ARCH = YES;
				SDKROOT = iphoneos;
				SWIFT_ACTIVE_COMPILATION_CONDITIONS = DEBUG;
				SWIFT_OPTIMIZATION_LEVEL = "-Onone";
				VERSIONING_SYSTEM = "apple-generic";
				VERSION_INFO_PREFIX = "";
			};
			name = Debug;
		};
		3007A94B2431F90400E736E2 /* Release */ = {
			isa = XCBuildConfiguration;
			buildSettings = {
				ALWAYS_SEARCH_USER_PATHS = NO;
				CLANG_ANALYZER_NONNULL = YES;
				CLANG_ANALYZER_NUMBER_OBJECT_CONVERSION = YES_AGGRESSIVE;
				CLANG_CXX_LANGUAGE_STANDARD = "gnu++14";
				CLANG_CXX_LIBRARY = "libc++";
				CLANG_ENABLE_MODULES = YES;
				CLANG_ENABLE_OBJC_ARC = YES;
				CLANG_ENABLE_OBJC_WEAK = YES;
				CLANG_WARN_BLOCK_CAPTURE_AUTORELEASING = YES;
				CLANG_WARN_BOOL_CONVERSION = YES;
				CLANG_WARN_COMMA = YES;
				CLANG_WARN_CONSTANT_CONVERSION = YES;
				CLANG_WARN_DEPRECATED_OBJC_IMPLEMENTATIONS = YES;
				CLANG_WARN_DIRECT_OBJC_ISA_USAGE = YES_ERROR;
				CLANG_WARN_DOCUMENTATION_COMMENTS = YES;
				CLANG_WARN_EMPTY_BODY = YES;
				CLANG_WARN_ENUM_CONVERSION = YES;
				CLANG_WARN_INFINITE_RECURSION = YES;
				CLANG_WARN_INT_CONVERSION = YES;
				CLANG_WARN_NON_LITERAL_NULL_CONVERSION = YES;
				CLANG_WARN_OBJC_IMPLICIT_RETAIN_SELF = YES;
				CLANG_WARN_OBJC_LITERAL_CONVERSION = YES;
				CLANG_WARN_OBJC_ROOT_CLASS = YES_ERROR;
				CLANG_WARN_RANGE_LOOP_ANALYSIS = YES;
				CLANG_WARN_STRICT_PROTOTYPES = YES;
				CLANG_WARN_SUSPICIOUS_MOVE = YES;
				CLANG_WARN_UNGUARDED_AVAILABILITY = YES_AGGRESSIVE;
				CLANG_WARN_UNREACHABLE_CODE = YES;
				CLANG_WARN__DUPLICATE_METHOD_MATCH = YES;
				COPY_PHASE_STRIP = NO;
				CURRENT_PROJECT_VERSION = 1;
				DEBUG_INFORMATION_FORMAT = "dwarf-with-dsym";
				ENABLE_NS_ASSERTIONS = NO;
				ENABLE_STRICT_OBJC_MSGSEND = YES;
				GCC_C_LANGUAGE_STANDARD = gnu11;
				GCC_NO_COMMON_BLOCKS = YES;
				GCC_WARN_64_TO_32_BIT_CONVERSION = YES;
				GCC_WARN_ABOUT_RETURN_TYPE = YES_ERROR;
				GCC_WARN_UNDECLARED_SELECTOR = YES;
				GCC_WARN_UNINITIALIZED_AUTOS = YES_AGGRESSIVE;
				GCC_WARN_UNUSED_FUNCTION = YES;
				GCC_WARN_UNUSED_VARIABLE = YES;
				IPHONEOS_DEPLOYMENT_TARGET = 13.2;
				MTL_ENABLE_DEBUG_INFO = NO;
				MTL_FAST_MATH = YES;
				SDKROOT = iphoneos;
				SWIFT_COMPILATION_MODE = wholemodule;
				SWIFT_OPTIMIZATION_LEVEL = "-O";
				VALIDATE_PRODUCT = YES;
				VERSIONING_SYSTEM = "apple-generic";
				VERSION_INFO_PREFIX = "";
			};
			name = Release;
		};
		3007A94D2431F90400E736E2 /* Debug */ = {
			isa = XCBuildConfiguration;
			buildSettings = {
				CLANG_ENABLE_MODULES = YES;
				CODE_SIGN_STYLE = Automatic;
				DEFINES_MODULE = YES;
				DEVELOPMENT_TEAM = 3P64BP7GB9;
				DYLIB_COMPATIBILITY_VERSION = 1;
				DYLIB_CURRENT_VERSION = 1;
				DYLIB_INSTALL_NAME_BASE = "@rpath";
				INFOPLIST_FILE = OTPView/Info.plist;
				INSTALL_PATH = "$(LOCAL_LIBRARY_DIR)/Frameworks";
				LD_RUNPATH_SEARCH_PATHS = (
					"$(inherited)",
					"@executable_path/Frameworks",
					"@loader_path/Frameworks",
				);
				PRODUCT_BUNDLE_IDENTIFIER = com.stride247.OTPView;
				PRODUCT_NAME = "$(TARGET_NAME:c99extidentifier)";
				SKIP_INSTALL = YES;
				SWIFT_OPTIMIZATION_LEVEL = "-Onone";
				SWIFT_VERSION = 5.0;
				TARGETED_DEVICE_FAMILY = "1,2";
			};
			name = Debug;
		};
		3007A94E2431F90400E736E2 /* Release */ = {
			isa = XCBuildConfiguration;
			buildSettings = {
				CLANG_ENABLE_MODULES = YES;
				CODE_SIGN_STYLE = Automatic;
				DEFINES_MODULE = YES;
				DEVELOPMENT_TEAM = 3P64BP7GB9;
				DYLIB_COMPATIBILITY_VERSION = 1;
				DYLIB_CURRENT_VERSION = 1;
				DYLIB_INSTALL_NAME_BASE = "@rpath";
				INFOPLIST_FILE = OTPView/Info.plist;
				INSTALL_PATH = "$(LOCAL_LIBRARY_DIR)/Frameworks";
				LD_RUNPATH_SEARCH_PATHS = (
					"$(inherited)",
					"@executable_path/Frameworks",
					"@loader_path/Frameworks",
				);
				PRODUCT_BUNDLE_IDENTIFIER = com.stride247.OTPView;
				PRODUCT_NAME = "$(TARGET_NAME:c99extidentifier)";
				SKIP_INSTALL = YES;
				SWIFT_VERSION = 5.0;
				TARGETED_DEVICE_FAMILY = "1,2";
			};
			name = Release;
		};
		3007A9502431F90400E736E2 /* Debug */ = {
			isa = XCBuildConfiguration;
			buildSettings = {
				ALWAYS_EMBED_SWIFT_STANDARD_LIBRARIES = YES;
				CODE_SIGN_STYLE = Automatic;
				DEVELOPMENT_TEAM = 3P64BP7GB9;
				INFOPLIST_FILE = OTPViewTests/Info.plist;
				LD_RUNPATH_SEARCH_PATHS = (
					"$(inherited)",
					"@executable_path/Frameworks",
					"@loader_path/Frameworks",
				);
				PRODUCT_BUNDLE_IDENTIFIER = com.stride247.OTPViewTests;
				PRODUCT_NAME = "$(TARGET_NAME)";
				SWIFT_VERSION = 5.0;
				TARGETED_DEVICE_FAMILY = "1,2";
			};
			name = Debug;
		};
		3007A9512431F90400E736E2 /* Release */ = {
			isa = XCBuildConfiguration;
			buildSettings = {
				ALWAYS_EMBED_SWIFT_STANDARD_LIBRARIES = YES;
				CODE_SIGN_STYLE = Automatic;
				DEVELOPMENT_TEAM = 3P64BP7GB9;
				INFOPLIST_FILE = OTPViewTests/Info.plist;
				LD_RUNPATH_SEARCH_PATHS = (
					"$(inherited)",
					"@executable_path/Frameworks",
					"@loader_path/Frameworks",
				);
				PRODUCT_BUNDLE_IDENTIFIER = com.stride247.OTPViewTests;
				PRODUCT_NAME = "$(TARGET_NAME)";
				SWIFT_VERSION = 5.0;
				TARGETED_DEVICE_FAMILY = "1,2";
			};
			name = Release;
		};
		3007A97624320C3000E736E2 /* Debug */ = {
			isa = XCBuildConfiguration;
			buildSettings = {
				ASSETCATALOG_COMPILER_APPICON_NAME = AppIcon;
				CODE_SIGN_STYLE = Automatic;
				DEVELOPMENT_TEAM = 3P64BP7GB9;
				INFOPLIST_FILE = OTPViewExampleProject/Info.plist;
				LD_RUNPATH_SEARCH_PATHS = (
					"$(inherited)",
					"@executable_path/Frameworks",
				);
				PRODUCT_BUNDLE_IDENTIFIER = com.stride247.OTPViewExampleProject;
				PRODUCT_NAME = "$(TARGET_NAME)";
				SWIFT_VERSION = 5.0;
				TARGETED_DEVICE_FAMILY = "1,2";
			};
			name = Debug;
		};
		3007A97724320C3000E736E2 /* Release */ = {
			isa = XCBuildConfiguration;
			buildSettings = {
				ASSETCATALOG_COMPILER_APPICON_NAME = AppIcon;
				CODE_SIGN_STYLE = Automatic;
				DEVELOPMENT_TEAM = 3P64BP7GB9;
				INFOPLIST_FILE = OTPViewExampleProject/Info.plist;
				LD_RUNPATH_SEARCH_PATHS = (
					"$(inherited)",
					"@executable_path/Frameworks",
				);
				PRODUCT_BUNDLE_IDENTIFIER = com.stride247.OTPViewExampleProject;
				PRODUCT_NAME = "$(TARGET_NAME)";
				SWIFT_VERSION = 5.0;
				TARGETED_DEVICE_FAMILY = "1,2";
			};
			name = Release;
		};
		3007A97924320C3000E736E2 /* Debug */ = {
			isa = XCBuildConfiguration;
			buildSettings = {
				ALWAYS_EMBED_SWIFT_STANDARD_LIBRARIES = YES;
				BUNDLE_LOADER = "$(TEST_HOST)";
				CODE_SIGN_STYLE = Automatic;
				DEVELOPMENT_TEAM = 3P64BP7GB9;
				INFOPLIST_FILE = OTPViewExampleProjectTests/Info.plist;
				IPHONEOS_DEPLOYMENT_TARGET = 13.2;
				LD_RUNPATH_SEARCH_PATHS = (
					"$(inherited)",
					"@executable_path/Frameworks",
					"@loader_path/Frameworks",
				);
				PRODUCT_BUNDLE_IDENTIFIER = com.stride247.OTPViewExampleProjectTests;
				PRODUCT_NAME = "$(TARGET_NAME)";
				SWIFT_VERSION = 5.0;
				TARGETED_DEVICE_FAMILY = "1,2";
				TEST_HOST = "$(BUILT_PRODUCTS_DIR)/OTPViewExampleProject.app/OTPViewExampleProject";
			};
			name = Debug;
		};
		3007A97A24320C3000E736E2 /* Release */ = {
			isa = XCBuildConfiguration;
			buildSettings = {
				ALWAYS_EMBED_SWIFT_STANDARD_LIBRARIES = YES;
				BUNDLE_LOADER = "$(TEST_HOST)";
				CODE_SIGN_STYLE = Automatic;
				DEVELOPMENT_TEAM = 3P64BP7GB9;
				INFOPLIST_FILE = OTPViewExampleProjectTests/Info.plist;
				IPHONEOS_DEPLOYMENT_TARGET = 13.2;
				LD_RUNPATH_SEARCH_PATHS = (
					"$(inherited)",
					"@executable_path/Frameworks",
					"@loader_path/Frameworks",
				);
				PRODUCT_BUNDLE_IDENTIFIER = com.stride247.OTPViewExampleProjectTests;
				PRODUCT_NAME = "$(TARGET_NAME)";
				SWIFT_VERSION = 5.0;
				TARGETED_DEVICE_FAMILY = "1,2";
				TEST_HOST = "$(BUILT_PRODUCTS_DIR)/OTPViewExampleProject.app/OTPViewExampleProject";
			};
			name = Release;
		};
/* End XCBuildConfiguration section */

/* Begin XCConfigurationList section */
		3007A9322431F90400E736E2 /* Build configuration list for PBXProject "OTPView" */ = {
			isa = XCConfigurationList;
			buildConfigurations = (
				3007A94A2431F90400E736E2 /* Debug */,
				3007A94B2431F90400E736E2 /* Release */,
			);
			defaultConfigurationIsVisible = 0;
			defaultConfigurationName = Release;
		};
		3007A94C2431F90400E736E2 /* Build configuration list for PBXNativeTarget "OTPView" */ = {
			isa = XCConfigurationList;
			buildConfigurations = (
				3007A94D2431F90400E736E2 /* Debug */,
				3007A94E2431F90400E736E2 /* Release */,
			);
			defaultConfigurationIsVisible = 0;
			defaultConfigurationName = Release;
		};
		3007A94F2431F90400E736E2 /* Build configuration list for PBXNativeTarget "OTPViewTests" */ = {
			isa = XCConfigurationList;
			buildConfigurations = (
				3007A9502431F90400E736E2 /* Debug */,
				3007A9512431F90400E736E2 /* Release */,
			);
			defaultConfigurationIsVisible = 0;
			defaultConfigurationName = Release;
		};
		3007A97524320C3000E736E2 /* Build configuration list for PBXNativeTarget "OTPViewExampleProject" */ = {
			isa = XCConfigurationList;
			buildConfigurations = (
				3007A97624320C3000E736E2 /* Debug */,
				3007A97724320C3000E736E2 /* Release */,
			);
			defaultConfigurationIsVisible = 0;
			defaultConfigurationName = Release;
		};
		3007A97824320C3000E736E2 /* Build configuration list for PBXNativeTarget "OTPViewExampleProjectTests" */ = {
			isa = XCConfigurationList;
			buildConfigurations = (
				3007A97924320C3000E736E2 /* Debug */,
				3007A97A24320C3000E736E2 /* Release */,
			);
			defaultConfigurationIsVisible = 0;
			defaultConfigurationName = Release;
		};
/* End XCConfigurationList section */

/* Begin XCVersionGroup section */
		3007A96124320C2D00E736E2 /* OTPViewExampleProject.xcdatamodeld */ = {
			isa = XCVersionGroup;
			children = (
				3007A96224320C2D00E736E2 /* OTPViewExampleProject.xcdatamodel */,
			);
			currentVersion = 3007A96224320C2D00E736E2 /* OTPViewExampleProject.xcdatamodel */;
			path = OTPViewExampleProject.xcdatamodeld;
			sourceTree = "<group>";
			versionGroupType = wrapper.xcdatamodel;
		};
/* End XCVersionGroup section */
	};
	rootObject = 3007A92F2431F90400E736E2 /* Project object */;
}
